// !$*UTF8*$!
{
	archiveVersion = 1;
	classes = {
	};
	objectVersion = 52;
	objects = {

/* Begin PBXBuildFile section */
		D416F78523697798007D25E1 /* FlexColorPicker in Frameworks */ = {isa = PBXBuildFile; productRef = D416F78423697798007D25E1 /* FlexColorPicker */; };
		D438DF682364816F00BB6858 /* AppDelegate.swift in Sources */ = {isa = PBXBuildFile; fileRef = D438DF672364816F00BB6858 /* AppDelegate.swift */; };
		D438DF6A2364816F00BB6858 /* SceneDelegate.swift in Sources */ = {isa = PBXBuildFile; fileRef = D438DF692364816F00BB6858 /* SceneDelegate.swift */; };
		D438DF6C2364816F00BB6858 /* MainViewController.swift in Sources */ = {isa = PBXBuildFile; fileRef = D438DF6B2364816F00BB6858 /* MainViewController.swift */; };
		D438DF6F2364816F00BB6858 /* Main.storyboard in Resources */ = {isa = PBXBuildFile; fileRef = D438DF6D2364816F00BB6858 /* Main.storyboard */; };
		D438DF712364817100BB6858 /* Assets.xcassets in Resources */ = {isa = PBXBuildFile; fileRef = D438DF702364817100BB6858 /* Assets.xcassets */; };
		D438DF742364817100BB6858 /* LaunchScreen.storyboard in Resources */ = {isa = PBXBuildFile; fileRef = D438DF722364817100BB6858 /* LaunchScreen.storyboard */; };
/* End PBXBuildFile section */

/* Begin PBXFileReference section */
		D438DF642364816F00BB6858 /* LightSaber.app */ = {isa = PBXFileReference; explicitFileType = wrapper.application; includeInIndex = 0; path = LightSaber.app; sourceTree = BUILT_PRODUCTS_DIR; };
		D438DF672364816F00BB6858 /* AppDelegate.swift */ = {isa = PBXFileReference; lastKnownFileType = sourcecode.swift; path = AppDelegate.swift; sourceTree = "<group>"; };
		D438DF692364816F00BB6858 /* SceneDelegate.swift */ = {isa = PBXFileReference; lastKnownFileType = sourcecode.swift; path = SceneDelegate.swift; sourceTree = "<group>"; };
		D438DF6B2364816F00BB6858 /* MainViewController.swift */ = {isa = PBXFileReference; lastKnownFileType = sourcecode.swift; path = MainViewController.swift; sourceTree = "<group>"; };
		D438DF6E2364816F00BB6858 /* Base */ = {isa = PBXFileReference; lastKnownFileType = file.storyboard; name = Base; path = Base.lproj/Main.storyboard; sourceTree = "<group>"; };
		D438DF702364817100BB6858 /* Assets.xcassets */ = {isa = PBXFileReference; lastKnownFileType = folder.assetcatalog; path = Assets.xcassets; sourceTree = "<group>"; };
		D438DF732364817100BB6858 /* Base */ = {isa = PBXFileReference; lastKnownFileType = file.storyboard; name = Base; path = Base.lproj/LaunchScreen.storyboard; sourceTree = "<group>"; };
		D438DF752364817100BB6858 /* Info.plist */ = {isa = PBXFileReference; lastKnownFileType = text.plist.xml; path = Info.plist; sourceTree = "<group>"; };
		D4C0C937236AE2DA00591052 /* LightSaber.entitlements */ = {isa = PBXFileReference; lastKnownFileType = text.plist.entitlements; path = LightSaber.entitlements; sourceTree = "<group>"; };
/* End PBXFileReference section */

/* Begin PBXFrameworksBuildPhase section */
		D438DF612364816F00BB6858 /* Frameworks */ = {
			isa = PBXFrameworksBuildPhase;
			buildActionMask = 2147483647;
			files = (
				D416F78523697798007D25E1 /* FlexColorPicker in Frameworks */,
			);
			runOnlyForDeploymentPostprocessing = 0;
		};
/* End PBXFrameworksBuildPhase section */

/* Begin PBXGroup section */
		D438DF5B2364816F00BB6858 = {
			isa = PBXGroup;
			children = (
				D438DF662364816F00BB6858 /* LightSaber */,
				D438DF652364816F00BB6858 /* Products */,
			);
			sourceTree = "<group>";
		};
		D438DF652364816F00BB6858 /* Products */ = {
			isa = PBXGroup;
			children = (
				D438DF642364816F00BB6858 /* LightSaber.app */,
			);
			name = Products;
			sourceTree = "<group>";
		};
		D438DF662364816F00BB6858 /* LightSaber */ = {
			isa = PBXGroup;
			children = (
				D4C0C937236AE2DA00591052 /* LightSaber.entitlements */,
				D438DF672364816F00BB6858 /* AppDelegate.swift */,
				D438DF692364816F00BB6858 /* SceneDelegate.swift */,
				D438DF6B2364816F00BB6858 /* MainViewController.swift */,
				D438DF6D2364816F00BB6858 /* Main.storyboard */,
				D438DF702364817100BB6858 /* Assets.xcassets */,
				D438DF722364817100BB6858 /* LaunchScreen.storyboard */,
				D438DF752364817100BB6858 /* Info.plist */,
			);
			path = LightSaber;
			sourceTree = "<group>";
		};
/* End PBXGroup section */

/* Begin PBXNativeTarget section */
		D438DF632364816F00BB6858 /* LightSaber */ = {
			isa = PBXNativeTarget;
			buildConfigurationList = D438DF782364817100BB6858 /* Build configuration list for PBXNativeTarget "LightSaber" */;
			buildPhases = (
				D438DF602364816F00BB6858 /* Sources */,
				D438DF612364816F00BB6858 /* Frameworks */,
				D438DF622364816F00BB6858 /* Resources */,
			);
			buildRules = (
			);
			dependencies = (
			);
			name = LightSaber;
			packageProductDependencies = (
				D416F78423697798007D25E1 /* FlexColorPicker */,
			);
			productName = LightSaber;
			productReference = D438DF642364816F00BB6858 /* LightSaber.app */;
			productType = "com.apple.product-type.application";
		};
/* End PBXNativeTarget section */

/* Begin PBXProject section */
		D438DF5C2364816F00BB6858 /* Project object */ = {
			isa = PBXProject;
			attributes = {
				LastSwiftUpdateCheck = 1110;
				LastUpgradeCheck = 1110;
				ORGANIZATIONNAME = "Rui Ying";
				TargetAttributes = {
					D438DF632364816F00BB6858 = {
						CreatedOnToolsVersion = 11.1;
					};
				};
			};
			buildConfigurationList = D438DF5F2364816F00BB6858 /* Build configuration list for PBXProject "LightSaber" */;
			compatibilityVersion = "Xcode 9.3";
			developmentRegion = en;
			hasScannedForEncodings = 0;
			knownRegions = (
				en,
				Base,
			);
			mainGroup = D438DF5B2364816F00BB6858;
			packageReferences = (
				D416F78323697798007D25E1 /* XCRemoteSwiftPackageReference "FlexColorPicker" */,
			);
			productRefGroup = D438DF652364816F00BB6858 /* Products */;
			projectDirPath = "";
			projectRoot = "";
			targets = (
				D438DF632364816F00BB6858 /* LightSaber */,
			);
		};
/* End PBXProject section */

/* Begin PBXResourcesBuildPhase section */
		D438DF622364816F00BB6858 /* Resources */ = {
			isa = PBXResourcesBuildPhase;
			buildActionMask = 2147483647;
			files = (
				D438DF742364817100BB6858 /* LaunchScreen.storyboard in Resources */,
				D438DF712364817100BB6858 /* Assets.xcassets in Resources */,
				D438DF6F2364816F00BB6858 /* Main.storyboard in Resources */,
			);
			runOnlyForDeploymentPostprocessing = 0;
		};
/* End PBXResourcesBuildPhase section */

/* Begin PBXSourcesBuildPhase section */
		D438DF602364816F00BB6858 /* Sources */ = {
			isa = PBXSourcesBuildPhase;
			buildActionMask = 2147483647;
			files = (
				D438DF6C2364816F00BB6858 /* MainViewController.swift in Sources */,
				D438DF682364816F00BB6858 /* AppDelegate.swift in Sources */,
				D438DF6A2364816F00BB6858 /* SceneDelegate.swift in Sources */,
			);
			runOnlyForDeploymentPostprocessing = 0;
		};
/* End PBXSourcesBuildPhase section */

/* Begin PBXVariantGroup section */
		D438DF6D2364816F00BB6858 /* Main.storyboard */ = {
			isa = PBXVariantGroup;
			children = (
				D438DF6E2364816F00BB6858 /* Base */,
			);
			name = Main.storyboard;
			sourceTree = "<group>";
		};
		D438DF722364817100BB6858 /* LaunchScreen.storyboard */ = {
			isa = PBXVariantGroup;
			children = (
				D438DF732364817100BB6858 /* Base */,
			);
			name = LaunchScreen.storyboard;
			sourceTree = "<group>";
		};
/* End PBXVariantGroup section */

/* Begin XCBuildConfiguration section */
		D438DF762364817100BB6858 /* Debug */ = {
			isa = XCBuildConfiguration;
			buildSettings = {
				ALWAYS_SEARCH_USER_PATHS = NO;
				CLANG_ANALYZER_NONNULL = YES;
				CLANG_ANALYZER_NUMBER_OBJECT_CONVERSION = YES_AGGRESSIVE;
				CLANG_CXX_LANGUAGE_STANDARD = "gnu++14";
				CLANG_CXX_LIBRARY = "libc++";
				CLANG_ENABLE_MODULES = YES;
				CLANG_ENABLE_OBJC_ARC = YES;
				CLANG_ENABLE_OBJC_WEAK = YES;
				CLANG_WARN_BLOCK_CAPTURE_AUTORELEASING = YES;
				CLANG_WARN_BOOL_CONVERSION = YES;
				CLANG_WARN_COMMA = YES;
				CLANG_WARN_CONSTANT_CONVERSION = YES;
				CLANG_WARN_DEPRECATED_OBJC_IMPLEMENTATIONS = YES;
				CLANG_WARN_DIRECT_OBJC_ISA_USAGE = YES_ERROR;
				CLANG_WARN_DOCUMENTATION_COMMENTS = YES;
				CLANG_WARN_EMPTY_BODY = YES;
				CLANG_WARN_ENUM_CONVERSION = YES;
				CLANG_WARN_INFINITE_RECURSION = YES;
				CLANG_WARN_INT_CONVERSION = YES;
				CLANG_WARN_NON_LITERAL_NULL_CONVERSION = YES;
				CLANG_WARN_OBJC_IMPLICIT_RETAIN_SELF = YES;
				CLANG_WARN_OBJC_LITERAL_CONVERSION = YES;
				CLANG_WARN_OBJC_ROOT_CLASS = YES_ERROR;
				CLANG_WARN_RANGE_LOOP_ANALYSIS = YES;
				CLANG_WARN_STRICT_PROTOTYPES = YES;
				CLANG_WARN_SUSPICIOUS_MOVE = YES;
				CLANG_WARN_UNGUARDED_AVAILABILITY = YES_AGGRESSIVE;
				CLANG_WARN_UNREACHABLE_CODE = YES;
				CLANG_WARN__DUPLICATE_METHOD_MATCH = YES;
				COPY_PHASE_STRIP = NO;
				DEBUG_INFORMATION_FORMAT = dwarf;
				ENABLE_STRICT_OBJC_MSGSEND = YES;
				ENABLE_TESTABILITY = YES;
				GCC_C_LANGUAGE_STANDARD = gnu11;
				GCC_DYNAMIC_NO_PIC = NO;
				GCC_NO_COMMON_BLOCKS = YES;
				GCC_OPTIMIZATION_LEVEL = 0;
				GCC_PREPROCESSOR_DEFINITIONS = (
					"DEBUG=1",
					"$(inherited)",
				);
				GCC_WARN_64_TO_32_BIT_CONVERSION = YES;
				GCC_WARN_ABOUT_RETURN_TYPE = YES_ERROR;
				GCC_WARN_UNDECLARED_SELECTOR = YES;
				GCC_WARN_UNINITIALIZED_AUTOS = YES_AGGRESSIVE;
				GCC_WARN_UNUSED_FUNCTION = YES;
				GCC_WARN_UNUSED_VARIABLE = YES;
				IPHONEOS_DEPLOYMENT_TARGET = 13.0;
				MTL_ENABLE_DEBUG_INFO = INCLUDE_SOURCE;
				MTL_FAST_MATH = YES;
				ONLY_ACTIVE_ARCH = YES;
				SDKROOT = iphoneos;
				SWIFT_ACTIVE_COMPILATION_CONDITIONS = DEBUG;
				SWIFT_OPTIMIZATION_LEVEL = "-Onone";
			};
			name = Debug;
		};
		D438DF772364817100BB6858 /* Release */ = {
			isa = XCBuildConfiguration;
			buildSettings = {
				ALWAYS_SEARCH_USER_PATHS = NO;
				CLANG_ANALYZER_NONNULL = YES;
				CLANG_ANALYZER_NUMBER_OBJECT_CONVERSION = YES_AGGRESSIVE;
				CLANG_CXX_LANGUAGE_STANDARD = "gnu++14";
				CLANG_CXX_LIBRARY = "libc++";
				CLANG_ENABLE_MODULES = YES;
				CLANG_ENABLE_OBJC_ARC = YES;
				CLANG_ENABLE_OBJC_WEAK = YES;
				CLANG_WARN_BLOCK_CAPTURE_AUTORELEASING = YES;
				CLANG_WARN_BOOL_CONVERSION = YES;
				CLANG_WARN_COMMA = YES;
				CLANG_WARN_CONSTANT_CONVERSION = YES;
				CLANG_WARN_DEPRECATED_OBJC_IMPLEMENTATIONS = YES;
				CLANG_WARN_DIRECT_OBJC_ISA_USAGE = YES_ERROR;
				CLANG_WARN_DOCUMENTATION_COMMENTS = YES;
				CLANG_WARN_EMPTY_BODY = YES;
				CLANG_WARN_ENUM_CONVERSION = YES;
				CLANG_WARN_INFINITE_RECURSION = YES;
				CLANG_WARN_INT_CONVERSION = YES;
				CLANG_WARN_NON_LITERAL_NULL_CONVERSION = YES;
				CLANG_WARN_OBJC_IMPLICIT_RETAIN_SELF = YES;
				CLANG_WARN_OBJC_LITERAL_CONVERSION = YES;
				CLANG_WARN_OBJC_ROOT_CLASS = YES_ERROR;
				CLANG_WARN_RANGE_LOOP_ANALYSIS = YES;
				CLANG_WARN_STRICT_PROTOTYPES = YES;
				CLANG_WARN_SUSPICIOUS_MOVE = YES;
				CLANG_WARN_UNGUARDED_AVAILABILITY = YES_AGGRESSIVE;
				CLANG_WARN_UNREACHABLE_CODE = YES;
				CLANG_WARN__DUPLICATE_METHOD_MATCH = YES;
				COPY_PHASE_STRIP = NO;
				DEBUG_INFORMATION_FORMAT = "dwarf-with-dsym";
				ENABLE_NS_ASSERTIONS = NO;
				ENABLE_STRICT_OBJC_MSGSEND = YES;
				GCC_C_LANGUAGE_STANDARD = gnu11;
				GCC_NO_COMMON_BLOCKS = YES;
				GCC_WARN_64_TO_32_BIT_CONVERSION = YES;
				GCC_WARN_ABOUT_RETURN_TYPE = YES_ERROR;
				GCC_WARN_UNDECLARED_SELECTOR = YES;
				GCC_WARN_UNINITIALIZED_AUTOS = YES_AGGRESSIVE;
				GCC_WARN_UNUSED_FUNCTION = YES;
				GCC_WARN_UNUSED_VARIABLE = YES;
				IPHONEOS_DEPLOYMENT_TARGET = 13.0;
				MTL_ENABLE_DEBUG_INFO = NO;
				MTL_FAST_MATH = YES;
				SDKROOT = iphoneos;
				SWIFT_COMPILATION_MODE = wholemodule;
				SWIFT_OPTIMIZATION_LEVEL = "-O";
				VALIDATE_PRODUCT = YES;
			};
			name = Release;
		};
		D438DF792364817100BB6858 /* Debug */ = {
			isa = XCBuildConfiguration;
			buildSettings = {
				ASSETCATALOG_COMPILER_APPICON_NAME = AppIcon;
				CODE_SIGN_ENTITLEMENTS = LightSaber/LightSaber.entitlements;
				CODE_SIGN_STYLE = Automatic;
				DERIVE_MACCATALYST_PRODUCT_BUNDLE_IDENTIFIER = YES;
				DEVELOPMENT_TEAM = QX9PZ6H89F;
				INFOPLIST_FILE = LightSaber/Info.plist;
				IPHONEOS_DEPLOYMENT_TARGET = 13.0;
				LD_RUNPATH_SEARCH_PATHS = (
					"$(inherited)",
					"@executable_path/Frameworks",
				);
				PRODUCT_BUNDLE_IDENTIFIER = io.robertying.LightSaber;
				PRODUCT_NAME = "$(TARGET_NAME)";
				SUPPORTS_MACCATALYST = YES;
				SWIFT_VERSION = 5.0;
				TARGETED_DEVICE_FAMILY = "1,2";
			};
			name = Debug;
		};
		D438DF7A2364817100BB6858 /* Release */ = {
			isa = XCBuildConfiguration;
			buildSettings = {
				ASSETCATALOG_COMPILER_APPICON_NAME = AppIcon;
				CODE_SIGN_ENTITLEMENTS = LightSaber/LightSaber.entitlements;
				CODE_SIGN_STYLE = Automatic;
				DERIVE_MACCATALYST_PRODUCT_BUNDLE_IDENTIFIER = YES;
				DEVELOPMENT_TEAM = QX9PZ6H89F;
				INFOPLIST_FILE = LightSaber/Info.plist;
				IPHONEOS_DEPLOYMENT_TARGET = 13.0;
				LD_RUNPATH_SEARCH_PATHS = (
					"$(inherited)",
					"@executable_path/Frameworks",
				);
				PRODUCT_BUNDLE_IDENTIFIER = io.robertying.LightSaber;
				PRODUCT_NAME = "$(TARGET_NAME)";
				SUPPORTS_MACCATALYST = YES;
				SWIFT_VERSION = 5.0;
				TARGETED_DEVICE_FAMILY = "1,2";
			};
			name = Release;
		};
/* End XCBuildConfiguration section */

/* Begin XCConfigurationList section */
		D438DF5F2364816F00BB6858 /* Build configuration list for PBXProject "LightSaber" */ = {
			isa = XCConfigurationList;
			buildConfigurations = (
				D438DF762364817100BB6858 /* Debug */,
				D438DF772364817100BB6858 /* Release */,
			);
			defaultConfigurationIsVisible = 0;
			defaultConfigurationName = Release;
		};
		D438DF782364817100BB6858 /* Build configuration list for PBXNativeTarget "LightSaber" */ = {
			isa = XCConfigurationList;
			buildConfigurations = (
				D438DF792364817100BB6858 /* Debug */,
				D438DF7A2364817100BB6858 /* Release */,
			);
			defaultConfigurationIsVisible = 0;
			defaultConfigurationName = Release;
		};
/* End XCConfigurationList section */

/* Begin XCRemoteSwiftPackageReference section */
		D416F78323697798007D25E1 /* XCRemoteSwiftPackageReference "FlexColorPicker" */ = {
			isa = XCRemoteSwiftPackageReference;
			repositoryURL = "https://github.com/RastislavMirek/FlexColorPicker";
			requirement = {
				kind = upToNextMajorVersion;
				minimumVersion = 1.3.1;
			};
		};
/* End XCRemoteSwiftPackageReference section */

/* Begin XCSwiftPackageProductDependency section */
		D416F78423697798007D25E1 /* FlexColorPicker */ = {
			isa = XCSwiftPackageProductDependency;
			package = D416F78323697798007D25E1 /* XCRemoteSwiftPackageReference "FlexColorPicker" */;
			productName = FlexColorPicker;
		};
/* End XCSwiftPackageProductDependency section */
	};
	rootObject = D438DF5C2364816F00BB6858 /* Project object */;
}
